
Microsoft Visual Studio Solution File, Format Version 12.00
# Visual Studio Version 17
VisualStudioVersion = 17.14.36908.2
MinimumVisualStudioVersion = 10.0.40219.1
Project("{FAE04EC0-301F-11D3-BF4B-00C04F79EFBC}") = "MissingNumberFinder", "MissingNumberFinder\MissingNumberFinder.csproj", "{CF003CA1-59F6-A01E-937F-136298D738E2}"
EndProject
Project("{FAE04EC0-301F-11D3-BF4B-00C04F79EFBC}") = "MissingNumberFinder.Test", "MissingNumberFinder.Test\MissingNumberFinder.Test.csproj", "{9AEA2566-D73B-4963-943A-5A927393E135}"
EndProject
Project("{FAE04EC0-301F-11D3-BF4B-00C04F79EFBC}") = "MissingNumberFinder.API", "MissingNumberFinder.API\MissingNumberFinder.API.csproj", "{3885EA7C-AA94-415D-B2AC-6FBEE92DE025}"
EndProject
Global
	GlobalSection(SolutionConfigurationPlatforms) = preSolution
		Debug|Any CPU = Debug|Any CPU
		Release|Any CPU = Release|Any CPU
	EndGlobalSection
	GlobalSection(ProjectConfigurationPlatforms) = postSolution
		{CF003CA1-59F6-A01E-937F-136298D738E2}.Debug|Any CPU.ActiveCfg = Debug|Any CPU
		{CF003CA1-59F6-A01E-937F-136298D738E2}.Debug|Any CPU.Build.0 = Debug|Any CPU
		{CF003CA1-59F6-A01E-937F-136298D738E2}.Release|Any CPU.ActiveCfg = Release|Any CPU
		{CF003CA1-59F6-A01E-937F-136298D738E2}.Release|Any CPU.Build.0 = Release|Any CPU
		{9AEA2566-D73B-4963-943A-5A927393E135}.Debug|Any CPU.ActiveCfg = Debug|Any CPU
		{9AEA2566-D73B-4963-943A-5A927393E135}.Debug|Any CPU.Build.0 = Debug|Any CPU
		{9AEA2566-D73B-4963-943A-5A927393E135}.Release|Any CPU.ActiveCfg = Release|Any CPU
		{9AEA2566-D73B-4963-943A-5A927393E135}.Release|Any CPU.Build.0 = Release|Any CPU
		{3885EA7C-AA94-415D-B2AC-6FBEE92DE025}.Debug|Any CPU.ActiveCfg = Debug|Any CPU
		{3885EA7C-AA94-415D-B2AC-6FBEE92DE025}.Debug|Any CPU.Build.0 = Debug|Any CPU
		{3885EA7C-AA94-415D-B2AC-6FBEE92DE025}.Release|Any CPU.ActiveCfg = Release|Any CPU
		{3885EA7C-AA94-415D-B2AC-6FBEE92DE025}.Release|Any CPU.Build.0 = Release|Any CPU
	EndGlobalSection
	GlobalSection(SolutionProperties) = preSolution
		HideSolutionNode = FALSE
	EndGlobalSection
	GlobalSection(ExtensibilityGlobals) = postSolution
		SolutionGuid = {4D537FA6-0AFC-49A7-BD23-3DE3E3B84FF0}
	EndGlobalSection
EndGlobal
